
Microsoft Visual Studio Solution File, Format Version 12.00
# Visual Studio 14
VisualStudioVersion = 14.0.22823.1
MinimumVisualStudioVersion = 10.0.40219.1
Project("{FAE04EC0-301F-11D3-BF4B-00C04F79EFBC}") = "FourClient.Paid", "FourClient.Paid\FourClient.Paid.csproj", "{7613B010-C918-426A-9052-4BD4E2607059}"
EndProject
Project("{FAE04EC0-301F-11D3-BF4B-00C04F79EFBC}") = "FourAPI", "FourAPI\FourAPI.csproj", "{EE990419-9C69-4E1C-B908-C50EE40844F4}"
EndProject
Project("{FAE04EC0-301F-11D3-BF4B-00C04F79EFBC}") = "WebServiceClient", "WebXsltClient\WebServiceClient.csproj", "{260A984E-1276-4282-AC52-9712B611C528}"
EndProject
Project("{FAE04EC0-301F-11D3-BF4B-00C04F79EFBC}") = "FourClient.Free", "FourClient.Free\FourClient.Free.csproj", "{36953FED-DF72-47FE-BEFB-0F9271E2E1E9}"
EndProject
Project("{D954291E-2A0B-460D-934E-DC6B0785DB48}") = "FourClient.Shared", "FourClient.Shared\FourClient.Shared.shproj", "{208EF5AB-20D6-4DD2-B387-50CF674CE944}"
EndProject
Project("{FAE04EC0-301F-11D3-BF4B-00C04F79EFBC}") = "LocalServiceClient", "LocalServiceClient\LocalServiceClient.csproj", "{0EBFD69B-B0D1-413D-BC8E-8042F69EB41F}"
EndProject
Global
	GlobalSection(SharedMSBuildProjectFiles) = preSolution
		FourClient.Shared\FourClient.Shared.projitems*{36953fed-df72-47fe-befb-0f9271e2e1e9}*SharedItemsImports = 4
		FourClient.Shared\FourClient.Shared.projitems*{7613b010-c918-426a-9052-4bd4e2607059}*SharedItemsImports = 4
		FourClient.Shared\FourClient.Shared.projitems*{208ef5ab-20d6-4dd2-b387-50cf674ce944}*SharedItemsImports = 13
	EndGlobalSection
	GlobalSection(SolutionConfigurationPlatforms) = preSolution
		Debug|Any CPU = Debug|Any CPU
		Debug|ARM = Debug|ARM
		Debug|x64 = Debug|x64
		Debug|x86 = Debug|x86
		Release|Any CPU = Release|Any CPU
		Release|ARM = Release|ARM
		Release|x64 = Release|x64
		Release|x86 = Release|x86
	EndGlobalSection
	GlobalSection(ProjectConfigurationPlatforms) = postSolution
		{7613B010-C918-426A-9052-4BD4E2607059}.Debug|Any CPU.ActiveCfg = Debug|Any CPU
		{7613B010-C918-426A-9052-4BD4E2607059}.Debug|Any CPU.Build.0 = Debug|Any CPU
		{7613B010-C918-426A-9052-4BD4E2607059}.Debug|Any CPU.Deploy.0 = Debug|Any CPU
		{7613B010-C918-426A-9052-4BD4E2607059}.Debug|ARM.ActiveCfg = Debug|ARM
		{7613B010-C918-426A-9052-4BD4E2607059}.Debug|ARM.Build.0 = Debug|ARM
		{7613B010-C918-426A-9052-4BD4E2607059}.Debug|ARM.Deploy.0 = Debug|ARM
		{7613B010-C918-426A-9052-4BD4E2607059}.Debug|x64.ActiveCfg = Debug|Any CPU
		{7613B010-C918-426A-9052-4BD4E2607059}.Debug|x86.ActiveCfg = Debug|x86
		{7613B010-C918-426A-9052-4BD4E2607059}.Debug|x86.Build.0 = Debug|x86
		{7613B010-C918-426A-9052-4BD4E2607059}.Debug|x86.Deploy.0 = Debug|x86
		{7613B010-C918-426A-9052-4BD4E2607059}.Release|Any CPU.ActiveCfg = Release|Any CPU
		{7613B010-C918-426A-9052-4BD4E2607059}.Release|Any CPU.Build.0 = Release|Any CPU
		{7613B010-C918-426A-9052-4BD4E2607059}.Release|Any CPU.Deploy.0 = Release|Any CPU
		{7613B010-C918-426A-9052-4BD4E2607059}.Release|ARM.ActiveCfg = Release|ARM
		{7613B010-C918-426A-9052-4BD4E2607059}.Release|ARM.Build.0 = Release|ARM
		{7613B010-C918-426A-9052-4BD4E2607059}.Release|ARM.Deploy.0 = Release|ARM
		{7613B010-C918-426A-9052-4BD4E2607059}.Release|x64.ActiveCfg = Release|Any CPU
		{7613B010-C918-426A-9052-4BD4E2607059}.Release|x86.ActiveCfg = Release|x86
		{7613B010-C918-426A-9052-4BD4E2607059}.Release|x86.Build.0 = Release|x86
		{7613B010-C918-426A-9052-4BD4E2607059}.Release|x86.Deploy.0 = Release|x86
		{EE990419-9C69-4E1C-B908-C50EE40844F4}.Debug|Any CPU.ActiveCfg = Debug|Any CPU
		{EE990419-9C69-4E1C-B908-C50EE40844F4}.Debug|Any CPU.Build.0 = Debug|Any CPU
		{EE990419-9C69-4E1C-B908-C50EE40844F4}.Debug|ARM.ActiveCfg = Debug|Any CPU
		{EE990419-9C69-4E1C-B908-C50EE40844F4}.Debug|x64.ActiveCfg = Debug|Any CPU
		{EE990419-9C69-4E1C-B908-C50EE40844F4}.Debug|x86.ActiveCfg = Debug|Any CPU
		{EE990419-9C69-4E1C-B908-C50EE40844F4}.Release|Any CPU.ActiveCfg = Release|Any CPU
		{EE990419-9C69-4E1C-B908-C50EE40844F4}.Release|Any CPU.Build.0 = Release|Any CPU
		{EE990419-9C69-4E1C-B908-C50EE40844F4}.Release|ARM.ActiveCfg = Release|Any CPU
		{EE990419-9C69-4E1C-B908-C50EE40844F4}.Release|x64.ActiveCfg = Release|Any CPU
		{EE990419-9C69-4E1C-B908-C50EE40844F4}.Release|x86.ActiveCfg = Release|Any CPU
		{260A984E-1276-4282-AC52-9712B611C528}.Debug|Any CPU.ActiveCfg = Debug|Any CPU
		{260A984E-1276-4282-AC52-9712B611C528}.Debug|Any CPU.Build.0 = Debug|Any CPU
		{260A984E-1276-4282-AC52-9712B611C528}.Debug|ARM.ActiveCfg = Debug|Any CPU
		{260A984E-1276-4282-AC52-9712B611C528}.Debug|x64.ActiveCfg = Debug|Any CPU
		{260A984E-1276-4282-AC52-9712B611C528}.Debug|x86.ActiveCfg = Debug|Any CPU
		{260A984E-1276-4282-AC52-9712B611C528}.Release|Any CPU.ActiveCfg = Release|Any CPU
		{260A984E-1276-4282-AC52-9712B611C528}.Release|Any CPU.Build.0 = Release|Any CPU
		{260A984E-1276-4282-AC52-9712B611C528}.Release|ARM.ActiveCfg = Release|Any CPU
		{260A984E-1276-4282-AC52-9712B611C528}.Release|x64.ActiveCfg = Release|Any CPU
		{260A984E-1276-4282-AC52-9712B611C528}.Release|x86.ActiveCfg = Release|Any CPU
		{36953FED-DF72-47FE-BEFB-0F9271E2E1E9}.Debug|Any CPU.ActiveCfg = Debug|Any CPU
		{36953FED-DF72-47FE-BEFB-0F9271E2E1E9}.Debug|Any CPU.Build.0 = Debug|Any CPU
		{36953FED-DF72-47FE-BEFB-0F9271E2E1E9}.Debug|Any CPU.Deploy.0 = Debug|Any CPU
		{36953FED-DF72-47FE-BEFB-0F9271E2E1E9}.Debug|ARM.ActiveCfg = Debug|ARM
		{36953FED-DF72-47FE-BEFB-0F9271E2E1E9}.Debug|ARM.Build.0 = Debug|ARM
		{36953FED-DF72-47FE-BEFB-0F9271E2E1E9}.Debug|ARM.Deploy.0 = Debug|ARM
		{36953FED-DF72-47FE-BEFB-0F9271E2E1E9}.Debug|x64.ActiveCfg = Debug|Any CPU
		{36953FED-DF72-47FE-BEFB-0F9271E2E1E9}.Debug|x86.ActiveCfg = Debug|x86
		{36953FED-DF72-47FE-BEFB-0F9271E2E1E9}.Debug|x86.Build.0 = Debug|x86
		{36953FED-DF72-47FE-BEFB-0F9271E2E1E9}.Debug|x86.Deploy.0 = Debug|x86
		{36953FED-DF72-47FE-BEFB-0F9271E2E1E9}.Release|Any CPU.ActiveCfg = Release|Any CPU
		{36953FED-DF72-47FE-BEFB-0F9271E2E1E9}.Release|Any CPU.Build.0 = Release|Any CPU
		{36953FED-DF72-47FE-BEFB-0F9271E2E1E9}.Release|Any CPU.Deploy.0 = Release|Any CPU
		{36953FED-DF72-47FE-BEFB-0F9271E2E1E9}.Release|ARM.ActiveCfg = Release|ARM
		{36953FED-DF72-47FE-BEFB-0F9271E2E1E9}.Release|ARM.Build.0 = Release|ARM
		{36953FED-DF72-47FE-BEFB-0F9271E2E1E9}.Release|ARM.Deploy.0 = Release|ARM
		{36953FED-DF72-47FE-BEFB-0F9271E2E1E9}.Release|x64.ActiveCfg = Release|Any CPU
		{36953FED-DF72-47FE-BEFB-0F9271E2E1E9}.Release|x86.ActiveCfg = Release|x86
		{36953FED-DF72-47FE-BEFB-0F9271E2E1E9}.Release|x86.Build.0 = Release|x86
		{36953FED-DF72-47FE-BEFB-0F9271E2E1E9}.Release|x86.Deploy.0 = Release|x86
		{0EBFD69B-B0D1-413D-BC8E-8042F69EB41F}.Debug|Any CPU.ActiveCfg = Debug|Any CPU
		{0EBFD69B-B0D1-413D-BC8E-8042F69EB41F}.Debug|Any CPU.Build.0 = Debug|Any CPU
		{0EBFD69B-B0D1-413D-BC8E-8042F69EB41F}.Debug|ARM.ActiveCfg = Debug|Any CPU
		{0EBFD69B-B0D1-413D-BC8E-8042F69EB41F}.Debug|ARM.Build.0 = Debug|Any CPU
		{0EBFD69B-B0D1-413D-BC8E-8042F69EB41F}.Debug|x64.ActiveCfg = Debug|Any CPU
		{0EBFD69B-B0D1-413D-BC8E-8042F69EB41F}.Debug|x64.Build.0 = Debug|Any CPU
		{0EBFD69B-B0D1-413D-BC8E-8042F69EB41F}.Debug|x86.ActiveCfg = Debug|Any CPU
		{0EBFD69B-B0D1-413D-BC8E-8042F69EB41F}.Debug|x86.Build.0 = Debug|Any CPU
		{0EBFD69B-B0D1-413D-BC8E-8042F69EB41F}.Release|Any CPU.ActiveCfg = Release|Any CPU
		{0EBFD69B-B0D1-413D-BC8E-8042F69EB41F}.Release|Any CPU.Build.0 = Release|Any CPU
		{0EBFD69B-B0D1-413D-BC8E-8042F69EB41F}.Release|ARM.ActiveCfg = Release|Any CPU
		{0EBFD69B-B0D1-413D-BC8E-8042F69EB41F}.Release|ARM.Build.0 = Release|Any CPU
		{0EBFD69B-B0D1-413D-BC8E-8042F69EB41F}.Release|x64.ActiveCfg = Release|Any CPU
		{0EBFD69B-B0D1-413D-BC8E-8042F69EB41F}.Release|x64.Build.0 = Release|Any CPU
		{0EBFD69B-B0D1-413D-BC8E-8042F69EB41F}.Release|x86.ActiveCfg = Release|Any CPU
		{0EBFD69B-B0D1-413D-BC8E-8042F69EB41F}.Release|x86.Build.0 = Release|Any CPU
	EndGlobalSection
	GlobalSection(SolutionProperties) = preSolution
		HideSolutionNode = FALSE
	EndGlobalSection
EndGlobal
