
Microsoft Visual Studio Solution File, Format Version 12.00
# Visual Studio 14
VisualStudioVersion = 14.0.23107.0
MinimumVisualStudioVersion = 10.0.40219.1
Project("{FAE04EC0-301F-11D3-BF4B-00C04F79EFBC}") = "FourClient.Free", "FourClient.Free\FourClient.Free.csproj", "{05206252-4997-4FE2-99F0-C7E005E974BB}"
EndProject
Project("{D954291E-2A0B-460D-934E-DC6B0785DB48}") = "FourClient.Shared", "FourClient.Shared\FourClient.Shared.shproj", "{208EF5AB-20D6-4DD2-B387-50CF674CE944}"
EndProject
Project("{FAE04EC0-301F-11D3-BF4B-00C04F79EFBC}") = "FourClient.Paid", "FourClient.Paid\FourClient.Paid.csproj", "{63A4C9E4-98E0-4873-844E-A47EBA492D1F}"
EndProject
Project("{FAE04EC0-301F-11D3-BF4B-00C04F79EFBC}") = "FourToolkit.UI", "..\..\..\BitBucket\FourToolkit\FourToolkit.UI\FourToolkit.UI.csproj", "{F7D0206A-F4FF-48FC-9CBD-392EDFE3B421}"
EndProject
Project("{FAE04EC0-301F-11D3-BF4B-00C04F79EFBC}") = "FourToolkit.Settings", "..\..\..\BitBucket\FourToolkit\FourToolkit.Settings\FourToolkit.Settings.csproj", "{00EFBE32-88BB-49CA-AEDE-D7A7F195394D}"
EndProject
Project("{FAE04EC0-301F-11D3-BF4B-00C04F79EFBC}") = "FourToolkit.Extensions.Runtime", "..\..\..\BitBucket\FourToolkit\FourToolkit.Extensions.Runtime\FourToolkit.Extensions.Runtime.csproj", "{F8F6298A-2E47-4CAC-B64F-D3BF13C296FC}"
EndProject
Project("{FAE04EC0-301F-11D3-BF4B-00C04F79EFBC}") = "FourClient.Data", "FourClient.Data\FourClient.Data.csproj", "{720A56B9-DC15-45BE-A969-F13A62FE2525}"
EndProject
Project("{FAE04EC0-301F-11D3-BF4B-00C04F79EFBC}") = "FourToolkit.Esent.Runtime", "..\..\..\BitBucket\FourToolkit\FourToolkit.Esent.Runtime\FourToolkit.Esent.Runtime.csproj", "{75366BF8-F569-4465-9DC4-11BDE89D5466}"
EndProject
Project("{FAE04EC0-301F-11D3-BF4B-00C04F79EFBC}") = "FourToolkit.Extensions", "..\..\..\BitBucket\FourToolkit\FourToolkit.Extensions\FourToolkit.Extensions.csproj", "{9A45724E-0829-4DC5-A90B-4F33AD242FC3}"
EndProject
Project("{D954291E-2A0B-460D-934E-DC6B0785DB48}") = "FourToolkit.Esent.Shared", "..\..\..\BitBucket\FourToolkit\FourToolkit.Esent.Shared\FourToolkit.Esent.Shared.shproj", "{AAEB9695-B45F-48FD-A653-E354C440F2A2}"
EndProject
Global
	GlobalSection(SharedMSBuildProjectFiles) = preSolution
		FourClient.Shared\FourClient.Shared.projitems*{05206252-4997-4fe2-99f0-c7e005e974bb}*SharedItemsImports = 4
		..\..\..\BitBucket\FourToolkit\FourToolkit.Esent.Shared\FourToolkit.Esent.Shared.projitems*{75366bf8-f569-4465-9dc4-11bde89d5466}*SharedItemsImports = 4
		..\..\..\BitBucket\FourToolkit\FourToolkit.Esent.Shared\FourToolkit.Esent.Shared.projitems*{aaeb9695-b45f-48fd-a653-e354c440f2a2}*SharedItemsImports = 13
		FourClient.Shared\FourClient.Shared.projitems*{208ef5ab-20d6-4dd2-b387-50cf674ce944}*SharedItemsImports = 13
		FourClient.Shared\FourClient.Shared.projitems*{63a4c9e4-98e0-4873-844e-a47eba492d1f}*SharedItemsImports = 4
	EndGlobalSection
	GlobalSection(SolutionConfigurationPlatforms) = preSolution
		Debug|Any CPU = Debug|Any CPU
		Debug|ARM = Debug|ARM
		Debug|x64 = Debug|x64
		Debug|x86 = Debug|x86
		Release|Any CPU = Release|Any CPU
		Release|ARM = Release|ARM
		Release|x64 = Release|x64
		Release|x86 = Release|x86
	EndGlobalSection
	GlobalSection(ProjectConfigurationPlatforms) = postSolution
		{05206252-4997-4FE2-99F0-C7E005E974BB}.Debug|Any CPU.ActiveCfg = Debug|x86
		{05206252-4997-4FE2-99F0-C7E005E974BB}.Debug|ARM.ActiveCfg = Debug|ARM
		{05206252-4997-4FE2-99F0-C7E005E974BB}.Debug|ARM.Build.0 = Debug|ARM
		{05206252-4997-4FE2-99F0-C7E005E974BB}.Debug|ARM.Deploy.0 = Debug|ARM
		{05206252-4997-4FE2-99F0-C7E005E974BB}.Debug|x64.ActiveCfg = Debug|x64
		{05206252-4997-4FE2-99F0-C7E005E974BB}.Debug|x64.Build.0 = Debug|x64
		{05206252-4997-4FE2-99F0-C7E005E974BB}.Debug|x64.Deploy.0 = Debug|x64
		{05206252-4997-4FE2-99F0-C7E005E974BB}.Debug|x86.ActiveCfg = Debug|x86
		{05206252-4997-4FE2-99F0-C7E005E974BB}.Debug|x86.Build.0 = Debug|x86
		{05206252-4997-4FE2-99F0-C7E005E974BB}.Debug|x86.Deploy.0 = Debug|x86
		{05206252-4997-4FE2-99F0-C7E005E974BB}.Release|Any CPU.ActiveCfg = Release|x86
		{05206252-4997-4FE2-99F0-C7E005E974BB}.Release|ARM.ActiveCfg = Release|ARM
		{05206252-4997-4FE2-99F0-C7E005E974BB}.Release|ARM.Build.0 = Release|ARM
		{05206252-4997-4FE2-99F0-C7E005E974BB}.Release|ARM.Deploy.0 = Release|ARM
		{05206252-4997-4FE2-99F0-C7E005E974BB}.Release|x64.ActiveCfg = Release|x64
		{05206252-4997-4FE2-99F0-C7E005E974BB}.Release|x64.Build.0 = Release|x64
		{05206252-4997-4FE2-99F0-C7E005E974BB}.Release|x64.Deploy.0 = Release|x64
		{05206252-4997-4FE2-99F0-C7E005E974BB}.Release|x86.ActiveCfg = Release|x86
		{05206252-4997-4FE2-99F0-C7E005E974BB}.Release|x86.Build.0 = Release|x86
		{05206252-4997-4FE2-99F0-C7E005E974BB}.Release|x86.Deploy.0 = Release|x86
		{63A4C9E4-98E0-4873-844E-A47EBA492D1F}.Debug|Any CPU.ActiveCfg = Debug|x86
		{63A4C9E4-98E0-4873-844E-A47EBA492D1F}.Debug|ARM.ActiveCfg = Debug|ARM
		{63A4C9E4-98E0-4873-844E-A47EBA492D1F}.Debug|ARM.Build.0 = Debug|ARM
		{63A4C9E4-98E0-4873-844E-A47EBA492D1F}.Debug|ARM.Deploy.0 = Debug|ARM
		{63A4C9E4-98E0-4873-844E-A47EBA492D1F}.Debug|x64.ActiveCfg = Debug|x64
		{63A4C9E4-98E0-4873-844E-A47EBA492D1F}.Debug|x64.Build.0 = Debug|x64
		{63A4C9E4-98E0-4873-844E-A47EBA492D1F}.Debug|x64.Deploy.0 = Debug|x64
		{63A4C9E4-98E0-4873-844E-A47EBA492D1F}.Debug|x86.ActiveCfg = Debug|x86
		{63A4C9E4-98E0-4873-844E-A47EBA492D1F}.Debug|x86.Build.0 = Debug|x86
		{63A4C9E4-98E0-4873-844E-A47EBA492D1F}.Debug|x86.Deploy.0 = Debug|x86
		{63A4C9E4-98E0-4873-844E-A47EBA492D1F}.Release|Any CPU.ActiveCfg = Release|x86
		{63A4C9E4-98E0-4873-844E-A47EBA492D1F}.Release|ARM.ActiveCfg = Release|ARM
		{63A4C9E4-98E0-4873-844E-A47EBA492D1F}.Release|ARM.Build.0 = Release|ARM
		{63A4C9E4-98E0-4873-844E-A47EBA492D1F}.Release|ARM.Deploy.0 = Release|ARM
		{63A4C9E4-98E0-4873-844E-A47EBA492D1F}.Release|x64.ActiveCfg = Release|x64
		{63A4C9E4-98E0-4873-844E-A47EBA492D1F}.Release|x64.Build.0 = Release|x64
		{63A4C9E4-98E0-4873-844E-A47EBA492D1F}.Release|x64.Deploy.0 = Release|x64
		{63A4C9E4-98E0-4873-844E-A47EBA492D1F}.Release|x86.ActiveCfg = Release|x86
		{63A4C9E4-98E0-4873-844E-A47EBA492D1F}.Release|x86.Build.0 = Release|x86
		{63A4C9E4-98E0-4873-844E-A47EBA492D1F}.Release|x86.Deploy.0 = Release|x86
		{F7D0206A-F4FF-48FC-9CBD-392EDFE3B421}.Debug|Any CPU.ActiveCfg = Debug|Any CPU
		{F7D0206A-F4FF-48FC-9CBD-392EDFE3B421}.Debug|Any CPU.Build.0 = Debug|Any CPU
		{F7D0206A-F4FF-48FC-9CBD-392EDFE3B421}.Debug|ARM.ActiveCfg = Debug|ARM
		{F7D0206A-F4FF-48FC-9CBD-392EDFE3B421}.Debug|ARM.Build.0 = Debug|ARM
		{F7D0206A-F4FF-48FC-9CBD-392EDFE3B421}.Debug|x64.ActiveCfg = Debug|x64
		{F7D0206A-F4FF-48FC-9CBD-392EDFE3B421}.Debug|x64.Build.0 = Debug|x64
		{F7D0206A-F4FF-48FC-9CBD-392EDFE3B421}.Debug|x86.ActiveCfg = Debug|x86
		{F7D0206A-F4FF-48FC-9CBD-392EDFE3B421}.Debug|x86.Build.0 = Debug|x86
		{F7D0206A-F4FF-48FC-9CBD-392EDFE3B421}.Release|Any CPU.ActiveCfg = Release|Any CPU
		{F7D0206A-F4FF-48FC-9CBD-392EDFE3B421}.Release|Any CPU.Build.0 = Release|Any CPU
		{F7D0206A-F4FF-48FC-9CBD-392EDFE3B421}.Release|ARM.ActiveCfg = Release|ARM
		{F7D0206A-F4FF-48FC-9CBD-392EDFE3B421}.Release|ARM.Build.0 = Release|ARM
		{F7D0206A-F4FF-48FC-9CBD-392EDFE3B421}.Release|x64.ActiveCfg = Release|x64
		{F7D0206A-F4FF-48FC-9CBD-392EDFE3B421}.Release|x64.Build.0 = Release|x64
		{F7D0206A-F4FF-48FC-9CBD-392EDFE3B421}.Release|x86.ActiveCfg = Release|x86
		{F7D0206A-F4FF-48FC-9CBD-392EDFE3B421}.Release|x86.Build.0 = Release|x86
		{00EFBE32-88BB-49CA-AEDE-D7A7F195394D}.Debug|Any CPU.ActiveCfg = Debug|Any CPU
		{00EFBE32-88BB-49CA-AEDE-D7A7F195394D}.Debug|Any CPU.Build.0 = Debug|Any CPU
		{00EFBE32-88BB-49CA-AEDE-D7A7F195394D}.Debug|ARM.ActiveCfg = Debug|Any CPU
		{00EFBE32-88BB-49CA-AEDE-D7A7F195394D}.Debug|ARM.Build.0 = Debug|Any CPU
		{00EFBE32-88BB-49CA-AEDE-D7A7F195394D}.Debug|x64.ActiveCfg = Debug|Any CPU
		{00EFBE32-88BB-49CA-AEDE-D7A7F195394D}.Debug|x64.Build.0 = Debug|Any CPU
		{00EFBE32-88BB-49CA-AEDE-D7A7F195394D}.Debug|x86.ActiveCfg = Debug|Any CPU
		{00EFBE32-88BB-49CA-AEDE-D7A7F195394D}.Debug|x86.Build.0 = Debug|Any CPU
		{00EFBE32-88BB-49CA-AEDE-D7A7F195394D}.Release|Any CPU.ActiveCfg = Release|Any CPU
		{00EFBE32-88BB-49CA-AEDE-D7A7F195394D}.Release|Any CPU.Build.0 = Release|Any CPU
		{00EFBE32-88BB-49CA-AEDE-D7A7F195394D}.Release|ARM.ActiveCfg = Release|Any CPU
		{00EFBE32-88BB-49CA-AEDE-D7A7F195394D}.Release|ARM.Build.0 = Release|Any CPU
		{00EFBE32-88BB-49CA-AEDE-D7A7F195394D}.Release|x64.ActiveCfg = Release|Any CPU
		{00EFBE32-88BB-49CA-AEDE-D7A7F195394D}.Release|x64.Build.0 = Release|Any CPU
		{00EFBE32-88BB-49CA-AEDE-D7A7F195394D}.Release|x86.ActiveCfg = Release|Any CPU
		{00EFBE32-88BB-49CA-AEDE-D7A7F195394D}.Release|x86.Build.0 = Release|Any CPU
		{F8F6298A-2E47-4CAC-B64F-D3BF13C296FC}.Debug|Any CPU.ActiveCfg = Debug|Any CPU
		{F8F6298A-2E47-4CAC-B64F-D3BF13C296FC}.Debug|Any CPU.Build.0 = Debug|Any CPU
		{F8F6298A-2E47-4CAC-B64F-D3BF13C296FC}.Debug|ARM.ActiveCfg = Debug|Any CPU
		{F8F6298A-2E47-4CAC-B64F-D3BF13C296FC}.Debug|ARM.Build.0 = Debug|Any CPU
		{F8F6298A-2E47-4CAC-B64F-D3BF13C296FC}.Debug|x64.ActiveCfg = Debug|Any CPU
		{F8F6298A-2E47-4CAC-B64F-D3BF13C296FC}.Debug|x64.Build.0 = Debug|Any CPU
		{F8F6298A-2E47-4CAC-B64F-D3BF13C296FC}.Debug|x86.ActiveCfg = Debug|Any CPU
		{F8F6298A-2E47-4CAC-B64F-D3BF13C296FC}.Debug|x86.Build.0 = Debug|Any CPU
		{F8F6298A-2E47-4CAC-B64F-D3BF13C296FC}.Release|Any CPU.ActiveCfg = Release|Any CPU
		{F8F6298A-2E47-4CAC-B64F-D3BF13C296FC}.Release|Any CPU.Build.0 = Release|Any CPU
		{F8F6298A-2E47-4CAC-B64F-D3BF13C296FC}.Release|ARM.ActiveCfg = Release|Any CPU
		{F8F6298A-2E47-4CAC-B64F-D3BF13C296FC}.Release|ARM.Build.0 = Release|Any CPU
		{F8F6298A-2E47-4CAC-B64F-D3BF13C296FC}.Release|x64.ActiveCfg = Release|Any CPU
		{F8F6298A-2E47-4CAC-B64F-D3BF13C296FC}.Release|x64.Build.0 = Release|Any CPU
		{F8F6298A-2E47-4CAC-B64F-D3BF13C296FC}.Release|x86.ActiveCfg = Release|Any CPU
		{F8F6298A-2E47-4CAC-B64F-D3BF13C296FC}.Release|x86.Build.0 = Release|Any CPU
		{720A56B9-DC15-45BE-A969-F13A62FE2525}.Debug|Any CPU.ActiveCfg = Debug|Any CPU
		{720A56B9-DC15-45BE-A969-F13A62FE2525}.Debug|Any CPU.Build.0 = Debug|Any CPU
		{720A56B9-DC15-45BE-A969-F13A62FE2525}.Debug|ARM.ActiveCfg = Debug|ARM
		{720A56B9-DC15-45BE-A969-F13A62FE2525}.Debug|ARM.Build.0 = Debug|ARM
		{720A56B9-DC15-45BE-A969-F13A62FE2525}.Debug|x64.ActiveCfg = Debug|x64
		{720A56B9-DC15-45BE-A969-F13A62FE2525}.Debug|x64.Build.0 = Debug|x64
		{720A56B9-DC15-45BE-A969-F13A62FE2525}.Debug|x86.ActiveCfg = Debug|x86
		{720A56B9-DC15-45BE-A969-F13A62FE2525}.Debug|x86.Build.0 = Debug|x86
		{720A56B9-DC15-45BE-A969-F13A62FE2525}.Release|Any CPU.ActiveCfg = Release|Any CPU
		{720A56B9-DC15-45BE-A969-F13A62FE2525}.Release|Any CPU.Build.0 = Release|Any CPU
		{720A56B9-DC15-45BE-A969-F13A62FE2525}.Release|ARM.ActiveCfg = Release|ARM
		{720A56B9-DC15-45BE-A969-F13A62FE2525}.Release|ARM.Build.0 = Release|ARM
		{720A56B9-DC15-45BE-A969-F13A62FE2525}.Release|x64.ActiveCfg = Release|x64
		{720A56B9-DC15-45BE-A969-F13A62FE2525}.Release|x64.Build.0 = Release|x64
		{720A56B9-DC15-45BE-A969-F13A62FE2525}.Release|x86.ActiveCfg = Release|x86
		{720A56B9-DC15-45BE-A969-F13A62FE2525}.Release|x86.Build.0 = Release|x86
		{75366BF8-F569-4465-9DC4-11BDE89D5466}.Debug|Any CPU.ActiveCfg = Debug|Any CPU
		{75366BF8-F569-4465-9DC4-11BDE89D5466}.Debug|Any CPU.Build.0 = Debug|Any CPU
		{75366BF8-F569-4465-9DC4-11BDE89D5466}.Debug|ARM.ActiveCfg = Debug|Any CPU
		{75366BF8-F569-4465-9DC4-11BDE89D5466}.Debug|ARM.Build.0 = Debug|Any CPU
		{75366BF8-F569-4465-9DC4-11BDE89D5466}.Debug|x64.ActiveCfg = Debug|Any CPU
		{75366BF8-F569-4465-9DC4-11BDE89D5466}.Debug|x64.Build.0 = Debug|Any CPU
		{75366BF8-F569-4465-9DC4-11BDE89D5466}.Debug|x86.ActiveCfg = Debug|Any CPU
		{75366BF8-F569-4465-9DC4-11BDE89D5466}.Debug|x86.Build.0 = Debug|Any CPU
		{75366BF8-F569-4465-9DC4-11BDE89D5466}.Release|Any CPU.ActiveCfg = Release|Any CPU
		{75366BF8-F569-4465-9DC4-11BDE89D5466}.Release|Any CPU.Build.0 = Release|Any CPU
		{75366BF8-F569-4465-9DC4-11BDE89D5466}.Release|ARM.ActiveCfg = Release|Any CPU
		{75366BF8-F569-4465-9DC4-11BDE89D5466}.Release|ARM.Build.0 = Release|Any CPU
		{75366BF8-F569-4465-9DC4-11BDE89D5466}.Release|x64.ActiveCfg = Release|Any CPU
		{75366BF8-F569-4465-9DC4-11BDE89D5466}.Release|x64.Build.0 = Release|Any CPU
		{75366BF8-F569-4465-9DC4-11BDE89D5466}.Release|x86.ActiveCfg = Release|Any CPU
		{75366BF8-F569-4465-9DC4-11BDE89D5466}.Release|x86.Build.0 = Release|Any CPU
		{9A45724E-0829-4DC5-A90B-4F33AD242FC3}.Debug|Any CPU.ActiveCfg = Debug|Any CPU
		{9A45724E-0829-4DC5-A90B-4F33AD242FC3}.Debug|Any CPU.Build.0 = Debug|Any CPU
		{9A45724E-0829-4DC5-A90B-4F33AD242FC3}.Debug|ARM.ActiveCfg = Debug|Any CPU
		{9A45724E-0829-4DC5-A90B-4F33AD242FC3}.Debug|ARM.Build.0 = Debug|Any CPU
		{9A45724E-0829-4DC5-A90B-4F33AD242FC3}.Debug|x64.ActiveCfg = Debug|Any CPU
		{9A45724E-0829-4DC5-A90B-4F33AD242FC3}.Debug|x64.Build.0 = Debug|Any CPU
		{9A45724E-0829-4DC5-A90B-4F33AD242FC3}.Debug|x86.ActiveCfg = Debug|Any CPU
		{9A45724E-0829-4DC5-A90B-4F33AD242FC3}.Debug|x86.Build.0 = Debug|Any CPU
		{9A45724E-0829-4DC5-A90B-4F33AD242FC3}.Release|Any CPU.ActiveCfg = Release|Any CPU
		{9A45724E-0829-4DC5-A90B-4F33AD242FC3}.Release|Any CPU.Build.0 = Release|Any CPU
		{9A45724E-0829-4DC5-A90B-4F33AD242FC3}.Release|ARM.ActiveCfg = Release|Any CPU
		{9A45724E-0829-4DC5-A90B-4F33AD242FC3}.Release|ARM.Build.0 = Release|Any CPU
		{9A45724E-0829-4DC5-A90B-4F33AD242FC3}.Release|x64.ActiveCfg = Release|Any CPU
		{9A45724E-0829-4DC5-A90B-4F33AD242FC3}.Release|x64.Build.0 = Release|Any CPU
		{9A45724E-0829-4DC5-A90B-4F33AD242FC3}.Release|x86.ActiveCfg = Release|Any CPU
		{9A45724E-0829-4DC5-A90B-4F33AD242FC3}.Release|x86.Build.0 = Release|Any CPU
	EndGlobalSection
	GlobalSection(SolutionProperties) = preSolution
		HideSolutionNode = FALSE
	EndGlobalSection
EndGlobal
